cloud.google.com/go v0.26.0/go.mod h1:aQUYkXzVsufM+DwF1aE+0xfcU+56JwCaLick0ClmMTw=
cloud.google.com/go v0.34.0/go.mod h1:aQUYkXzVsufM+DwF1aE+0xfcU+56JwCaLick0ClmMTw=
cloud.google.com/go v0.38.0 h1:ROfEUZz+Gh5pa62DJWXSaonyu3StP6EA6lPEXPI6mCo=
cloud.google.com/go v0.38.0/go.mod h1:990N+gfupTy94rShfmMCWGDn0LpTmnzTp2qbd1dvSRU=
github.com/Azure/azure-sdk-for-go v10.0.3-beta+incompatible h1:8OC/xdlSV01cSpzLpoax2+hJtlIxQTmUVT7L2r80HbE=
github.com/Azure/azure-sdk-for-go v10.0.3-beta+incompatible/go.mod h1:9XXNKU+eRnpl9moKnB4QOLf1HestfXbmab5FXxiDBjc=
github.com/Azure/go-ansiterm v0.0.0-20170929234023-d6e3b3328b78 h1:w+iIsaOQNcT7OZ575w+acHgRric5iCyQh+xv+KJ4HB8=
github.com/Azure/go-ansiterm v0.0.0-20170929234023-d6e3b3328b78/go.mod h1:LmzpDX56iTiv29bbRTIsUNlaFfuhWRQBWjQdVyAevI8=
github.com/Azure/go-autorest v8.0.0+incompatible h1:lgmv/yX7Zgt1TJEYG8DHCqc0zw5FkYevByNVIm77JNM=
github.com/Azure/go-autorest v8.0.0+incompatible/go.mod h1:r+4oMnoxhatjLLJ6zxSWATqVooLgysK6ZNox3g/xq24=
github.com/BurntSushi/toml v0.3.1/go.mod h1:xHWCNGjB5oqiDr8zfno3MHue2Ht5sIBksp03qcyfWMU=
github.com/Microsoft/go-winio v0.4.8 h1:1TfLnrRLKLEVn9t+5FpZqiEJkzpm1QDVs4rZZlUpFOk=
github.com/Microsoft/go-winio v0.4.8/go.mod h1:VhR8bwka0BXejwEJY73c50VrPtXAaKcyvVC4A4RozmA=
github.com/agl/ed25519 v0.0.0-20170116200512-5312a6153412 h1:w1UutsfOrms1J05zt7ISrnJIXKzwaspym5BTKGx93EI=
github.com/agl/ed25519 v0.0.0-20170116200512-5312a6153412/go.mod h1:WPjqKcmVOxf0XSf3YxCJs6N6AOSrOx3obionmG7T0y0=
github.com/aws/aws-sdk-go v0.0.0-20170601195647-fa107560b5f3 h1:leFXx3yUUQjnCr0QqYHJuW8x5W5Cj6lX4MYA6ttHNm0=
github.com/aws/aws-sdk-go v0.0.0-20170601195647-fa107560b5f3/go.mod h1:ZRmQr0FajVIyZ4ZzBYKG5P3ZqPz9IHG41ZoMu1ADI3k=
github.com/beorn7/perks v0.0.0-20160804104726-4c0e84591b9a h1:BtpsbiV638WQZwhA98cEZw2BsbnQJrbd0BI7tsy0W1c=
github.com/beorn7/perks v0.0.0-20160804104726-4c0e84591b9a/go.mod h1:Dwedo/Wpr24TaqPxmxbtue+5NUziq4I4S80YR8gNf3Q=
github.com/client9/misspell v0.3.4/go.mod h1:qj6jICC3Q7zFZvVWo7KLAzC3yx5G7kyvSDkc90ppPyw=
github.com/containerd/console v0.0.0-20180307192801-cb7008ab3d83 h1:8+41YxtK2ZN2II/D22DHc0wI+WFXOJejFJvBxmCqqjo=
github.com/containerd/console v0.0.0-20180307192801-cb7008ab3d83/go.mod h1:Tj/on1eG8kiEhd0+fhSDzsPAFESxzBBvdyEgyryXffw=
github.com/containerd/containerd v1.1.2 h1:gojrlFOL/4A5zP4BPgK3YrCaVIgAIHZfqGco/+mfJOs=
github.com/containerd/containerd v1.1.2/go.mod h1:bC6axHOhabU15QhwfG7w5PipXdVtMXFTttgp+kVtyUA=
github.com/containerd/continuity v0.0.0-20180216233310-d8fb8589b0e8 h1:ZZOFPzvZO3N0f4LIQvZi68F2XDAMl/gqBfFMVjY6B3Y=
github.com/containerd/continuity v0.0.0-20180216233310-d8fb8589b0e8/go.mod h1:GL3xCUCBDV3CZiTSEKksMWbLE66hEyuu9qyDOOqM47Y=
github.com/creack/goselect v0.0.0-20180501195510-58854f77ee8d h1:6o8WW5zZ+Ny9sbk69epnAPmBzrBaRnvci+l4+pqleeY=
github.com/creack/goselect v0.0.0-20180501195510-58854f77ee8d/go.mod h1:gHrIcH/9UZDn2qgeTUeW5K9eZsVYCH6/60J/FHysWyE=
github.com/davecgh/go-spew v1.1.0/go.mod h1:J7Y8YcW2NihsgmVo/mv3lAwl/skON4iLHjSsI+c5H38=
github.com/dgrijalva/jwt-go v0.0.0-20170508165458-6c8dedd55f8a h1:MuHMeSsXbNEeUyxjB7T9P8s1+5k8OLTC/M27qsVwixM=
github.com/dgrijalva/jwt-go v0.0.0-20170508165458-6c8dedd55f8a/go.mod h1:E3ru+11k8xSBh+hMPgOLZmtrrCbhqsmaPHjLKYnJCaQ=
github.com/docker/cli v0.0.0-20180718152213-2cb2e84287c9 h1:0MwTkgNpJb3wLYMBpoFDkRMUXS+BijCvnbSrkrsEwws=
github.com/docker/cli v0.0.0-20180718152213-2cb2e84287c9/go.mod h1:JLrzqnKDaYBop7H2jaqPtU4hHvMKP+vjCwu2uszcLI8=
github.com/docker/distribution v0.0.0-20180327202408-83389a148052 h1:bYklS+YB8BZreSEY+/WqaH+S8upfuYf0Hq/EmNOQMIA=
github.com/docker/distribution v0.0.0-20180327202408-83389a148052/go.mod h1:J2gT2udsDAN96Uj4KfcMRqY0/ypR+oyYUYmja8H+y+w=
github.com/docker/docker v0.0.0-20180704005442-b711437bbd85 h1:WIhWqSz65LySgL7RM4V/jXRgXzGHoJBsMaHAHhaJXOk=
github.com/docker/docker v0.0.0-20180704005442-b711437bbd85/go.mod h1:eEKB0N0r5NX/I1kEveEz05bcu8tLC/8azJZsviup8Sk=
github.com/docker/docker-credential-helpers v0.6.1 h1:Dq4iIfcM7cNtddhLVWe9h4QDjsi4OER3Z8voPu/I52g=
github.com/docker/docker-credential-helpers v0.6.1/go.mod h1:WRaJzqw3CTB9bk10avuGsjVBZsD05qeibJ1/TYlvc0Y=
github.com/docker/go v0.0.0-20160303222718-d30aec9fd63c h1:Ggg7IiOtghyZzn3ozi31kPHpV6qSjMgmesXaWCijYNM=
github.com/docker/go v0.0.0-20160303222718-d30aec9fd63c/go.mod h1:CADgU4DSXK5QUlFslkQu2yW2TKzFZcXq/leZfM0UH5Q=
github.com/docker/go-connections v0.0.0-20180212134524-7beb39f0b969 h1:p2WzwcFof6KwsloLgCiAKkU5DJSVgOKGdevswAmskvY=
github.com/docker/go-connections v0.0.0-20180212134524-7beb39f0b969/go.mod h1:Gbd7IOopHjR8Iph03tsViu4nIes5XhDvyHbTtUxmeec=
github.com/docker/go-metrics v0.0.0-20170502235133-d466d4f6fd96 h1:HVQ/BC7Ze+bcVle903SvZMvncOcG2y3zI2K7i3jEHSM=
github.com/docker/go-metrics v0.0.0-20170502235133-d466d4f6fd96/go.mod h1:/u0gXw0Gay3ceNrsHubL3BtdOL2fHf93USgMTe0W5dI=
github.com/docker/go-p9p v0.0.0-20170223181108-87ae8514a3a2 h1:VdOflPekcYmaoVhZ7ZtN29vbcAgSi8IkvQuEXTioiGw=
github.com/docker/go-p9p v0.0.0-20170223181108-87ae8514a3a2/go.mod h1:GDue7j/yh3AtNoUK0ihznL9JiZVn92CV9bUrYaD4NOc=
github.com/docker/go-units v0.0.0-20170127094116-9e638d38cf69 h1:N4WAsrRIb+4U1yIwJO3FMrLnrr61ael894nygpViQTU=
github.com/docker/go-units v0.0.0-20170127094116-9e638d38cf69/go.mod h1:fgPhTUdO+D/Jk86RDLlptpiXQzgHJF7gydDDbaIK4Dk=
github.com/go-ini/ini v0.0.0-20170519023713-afbc45e87f3b h1:Ss76bQkfIfnj5Y4baUc5mt5nCbcT7qtWnr5VTyglG+M=
github.com/go-ini/ini v0.0.0-20170519023713-afbc45e87f3b/go.mod h1:ByCAeIL28uOIIG0E3PJtZPDL8WnHpFKFOtgjp+3Ies8=
github.com/gogo/protobuf v1.0.0 h1:2jyBKDKU/8v3v2xVR2PtiWQviFUyiaGk2rpfyFT8rTM=
github.com/gogo/protobuf v1.0.0/go.mod h1:r8qH/GZQm5c6nD/R0oafs1akxWv10x8SbQlK7atdtwQ=
github.com/golang/glog v0.0.0-20160126235308-23def4e6c14b/go.mod h1:SBH7ygxi8pfUlaOkMMuAQtPIUF8ecWP5IEl/CR7VP2Q=
github.com/golang/mock v1.1.1/go.mod h1:oTYuIxOrZwtPieC+H1uAHpcLFnEyAGVDL/k47Jfbm0A=
github.com/golang/mock v1.2.0/go.mod h1:oTYuIxOrZwtPieC+H1uAHpcLFnEyAGVDL/k47Jfbm0A=
github.com/golang/protobuf v1.2.0 h1:P3YflyNX/ehuJFLhxviNdFxQPkGK5cDcApsge1SqnvM=
github.com/golang/protobuf v1.2.0/go.mod h1:6lQm79b+lXiMfvg/cZm0SGofjICqVBUtrP5yJMmIC1U=
github.com/google/btree v0.0.0-20180813153112-4030bb1f1f0c/go.mod h1:lNA+9X1NB3Zf8V7Ke586lFgjr2dZNuvo3lPJSGZ5JPQ=
github.com/google/go-cmp v0.2.0/go.mod h1:oXzfMopK8JAjlY9xF4vHSVASa0yLyX7SntLO5aqRK0M=
github.com/google/martian v2.1.0+incompatible/go.mod h1:9I4somxYTbIHy5NJKHRl3wXiIaQGbYVAs8BPL6v8lEs=
github.com/google/pprof v0.0.0-20181206194817-3ea8567a2e57/go.mod h1:zfwlbNMJ+OItoe0UupaVj+oy1omPYYDuagoSzA8v9mc=
github.com/google/uuid v0.0.0-20170814143639-7e072fc3a7be h1:JX31ns0WPRsUGmZXMlMoJta76MW+0UM7+JnCmqxDUVs=
github.com/google/uuid v0.0.0-20170814143639-7e072fc3a7be/go.mod h1:TIyPZe4MgqvfeYDBFedMoGGpEw/LqOeaOT+nhxU+yHo=
github.com/googleapis/gax-go v0.0.0-20170305230405-8c5154c0fe5b/go.mod h1:SFVmujtThgffbyetf+mdk2eWhX2bMyUtNHzFKcPA9HY=
github.com/googleapis/gax-go/v2 v2.0.4/go.mod h1:0Wqv26UfaUD9n4G6kQubkQ+KchISgw+vpHVxEJEs9eg=
github.com/gophercloud/gophercloud v0.0.0-20170720181805-2804b72cf099 h1:ugfcJSd3fEjUs7tQqk64n1GfzUIeX6DYfsVaPsqnQqY=
github.com/gophercloud/gophercloud v0.0.0-20170720181805-2804b72cf099/go.mod h1:3WdhXV3rUYy9p6AUW8d94kr+HS62Y4VL9mBnFxsD8q4=
github.com/gorilla/context v0.0.0-20160226214623-1ea25387ff6f h1:9oNbS1z4rVpbnkHBdPZU4jo9bSmrLpII768arSyMFgk=
github.com/gorilla/context v0.0.0-20160226214623-1ea25387ff6f/go.mod h1:kBGZzfjB9CEq2AlWe17Uuf7NDRt0dE0s8S51q0aT7Yg=
github.com/gorilla/mux v0.0.0-20160317213430-0eeaf8392f5b h1:4OcRAUBSclcjVrZ8n7/pl9iWUx7JXw4Mj6bww0ZlBhE=
github.com/gorilla/mux v0.0.0-20160317213430-0eeaf8392f5b/go.mod h1:1lud6UwP+6orDFRuTfBEV8e9/aOM/c4fVVCaMa2zaAs=
github.com/gorilla/websocket v0.0.0-20180420171612-21ab95fa12b9 h1:XM0qkx9Su0WV9s1e5A7xr9ZX0NUYxp7L0cbmJGjKZio=
github.com/gorilla/websocket v0.0.0-20180420171612-21ab95fa12b9/go.mod h1:E7qHFY5m1UJ88s3WnNqhKjPHQ0heANvMoAMk2YaljkQ=
github.com/hashicorp/golang-lru v0.5.0 h1:CL2msUPvZTLb5O648aiLNJw3hnBxN2+1Jq8rCOH9wdo=
github.com/hashicorp/golang-lru v0.5.0/go.mod h1:/m3WP610KZHVQ1SGc6re/UDhFvYD7pJ4Ao+sR/qLZy8=
github.com/ijc25/Gotty v0.0.0-20170406111628-a8b993ba6abd h1:a0nQYN5aGC2AiAbRXGtbhFXVFEYhI8m0qm0rS4BZrlo=
github.com/ijc25/Gotty v0.0.0-20170406111628-a8b993ba6abd/go.mod h1:QopjCNf6gQxOJhr9a9vIq91MYGj/R6js7dQqtFsXID0=
github.com/inconshreveable/mousetrap v1.0.0 h1:Z8tu5sraLXCXIcARxBp/8cbvlwVa7Z1NHg9XEKhtSvM=
github.com/inconshreveable/mousetrap v1.0.0/go.mod h1:PxqpIevigyE2G7u3NXJIT2ANytuPF1OarO4DADm73n8=
github.com/jmespath/go-jmespath v0.0.0-20160803190731-bd40a432e4c7 h1:SMvOWPJCES2GdFracYbBQh93GXac8fq7HeN6JnpduB8=
github.com/jmespath/go-jmespath v0.0.0-20160803190731-bd40a432e4c7/go.mod h1:Nht3zPeWKUH0NzdCt2Blrr5ys8VGpn0CEB0cQHVjt7k=
github.com/jstemmer/go-junit-report v0.0.0-20190106144839-af01ea7f8024/go.mod h1:6v2b51hI/fHJwM22ozAgKL4VKDeJcHhJFhtBdhmNjmU=
github.com/linuxkit/linuxkit v0.0.0-20190417213831-4f4f7feae125 h1:u00SVx3MST3qv2TTPEROM+VhNMRA+SytSabhlwjS0hA=
github.com/linuxkit/linuxkit v0.0.0-20190417213831-4f4f7feae125/go.mod h1:+NEOCaet2jLDcxKRO+97CzS9R7oBgFcnmXW6vwLuIh0=
github.com/linuxkit/linuxkit v0.0.0-20190428210538-a3ac8f744398 h1:OeYg2VTB04ZwFbMEBD3bg9dXchzk4Py6wP93qr5ccRU=
github.com/linuxkit/linuxkit v0.0.0-20190428210538-a3ac8f744398/go.mod h1:+NEOCaet2jLDcxKRO+97CzS9R7oBgFcnmXW6vwLuIh0=
github.com/matttproud/golang_protobuf_extensions v1.0.0 h1:YNOwxxSJzSUARoD9KRZLzM9Y858MNGCOACTvCW9TSAc=
github.com/matttproud/golang_protobuf_extensions v1.0.0/go.mod h1:D8He9yQNgCq6Z5Ld7szi9bcBfOoFv/3dc6xSMkL2PC0=
github.com/miekg/pkcs11 v1.0.2 h1:CIBkOawOtzJNE0B+EpRiUBzuVW7JEQAwdwhSS6YhIeg=
github.com/miekg/pkcs11 v1.0.2/go.mod h1:XsNlhZGX73bx86s2hdc/FuaLm2CPZJemRLMA+WTFxgs=
github.com/mitchellh/go-ps v0.0.0-20170309133038-4fdf99ab2936 h1:kw1v0NlnN+GZcU8Ma8CLF2Zzgjfx95gs3/GN3vYAPpo=
github.com/mitchellh/go-ps v0.0.0-20170309133038-4fdf99ab2936/go.mod h1:r1VsdOzOPt1ZSrGZWFoNhsAedKnEd6r9Np1+5blZCWk=
github.com/moby/datakit v0.0.0-20170703142523-97b3d2305353 h1:YMGThhflIjSaWzGxNMi89XRUt1x5u4TvmWjcQ6fYGFY=
github.com/moby/datakit v0.0.0-20170703142523-97b3d2305353/go.mod h1:bSRmQk+fUb1I4by5VcXumm9Ws+jG6k+FV2mORyiK5NI=
github.com/moby/hyperkit v0.0.0-20180416161519-d65b09c1c28a h1:hExo7kltIidoitYnXsnqfvkJXG3YEMbHuQbf9nOMvow=
github.com/moby/hyperkit v0.0.0-20180416161519-d65b09c1c28a/go.mod h1:zGAVB/FkAf4ozkR8CCuj4LcVuErrNsj9APTDFvhOckw=
github.com/moby/vpnkit v0.0.0-20171107134956-0e4293bb1058 h1:GwuJR9DE0t+mEVIKI0VdAPhbBWAngHEjOfMReiMfILo=
github.com/moby/vpnkit v0.0.0-20171107134956-0e4293bb1058/go.mod h1:KyjUrL9cb6ZSNNAUwZfqRjhwwgJ3BJN+kXh0t43WTUQ=
github.com/moul/anonuuid v1.1.0 h1:xbSFOLAO3yxTkQpBhn6HMN6+NZZdtRmLRcyXD6mOWG8=
github.com/moul/anonuuid v1.1.0/go.mod h1:LgKrp0Iss/BVwquptq4eIe6HPr0s3t1WHT5x0qOh14U=
github.com/moul/gotty-client v0.0.0-20180526075433-e5589f6df359 h1:bUSojlaLLP+ylVreA7hjbIVDs5CXMcK8OsF6xKx+K/c=
github.com/moul/gotty-client v0.0.0-20180526075433-e5589f6df359/go.mod h1:CxM/JGtpRrEPve5H04IhxJrGhxgwxMc6jSP2T4YD60w=
github.com/opencontainers/go-digest v1.0.0-rc1 h1:WzifXhOVOEOuFYOJAW6aQqW0TooG2iki3E3Ii+WN7gQ=
github.com/opencontainers/go-digest v1.0.0-rc1/go.mod h1:cMLVZDEM3+U2I4VmLI6N8jQYUd2OVphdqWwCJHrFt2s=
github.com/opencontainers/image-spec v1.0.1 h1:JMemWkRwHx4Zj+fVxWoMCFm/8sYGGrUVojFA6h/TRcI=
github.com/opencontainers/image-spec v1.0.1/go.mod h1:BtxoFyWECRxE4U/7sNtV5W15zMzWCbyJoFRP3s7yZA0=
github.com/opencontainers/runc v0.0.0-20180615140650-ad0f5255060d h1:xR1OjwB9B/lHupFRviTjC9DSxJsjRFU1fbCSRSjT0OM=
github.com/opencontainers/runc v0.0.0-20180615140650-ad0f5255060d/go.mod h1:qT5XzbpPznkRYVz/mWwUaVBUv2rmF59PVA73FjuZG0U=
github.com/opencontainers/runtime-spec v1.0.1 h1:wY4pOY8fBdSIvs9+IDHC55thBuEulhzfSgKeC1yFvzQ=
github.com/opencontainers/runtime-spec v1.0.1/go.mod h1:jwyrGlmzljRJv/Fgzds9SsS/C5hL+LL3ko9hs6T5lQ0=
github.com/packethost/packngo v0.0.0-20171201154433-f1be085ecd6f h1:19G+/H7RSY4wFRXi1ovlAOdGtoXgRZFzp7+hsMaR2P4=
github.com/packethost/packngo v0.0.0-20171201154433-f1be085ecd6f/go.mod h1:otzZQXgoO96RTzDB/Hycg0qZcXZsWJGJRSXbmEIJ+4M=
github.com/pkg/errors v0.8.0 h1:WdK/asTD0HN+q6hsWO3/vpuAkAr+tw6aNJNDFFf0+qw=
github.com/pkg/errors v0.8.0/go.mod h1:bwawxfHBFNV+L2hUp1rHADufV3IMtnDRdf1r5NINEl0=
github.com/pmezard/go-difflib v1.0.0/go.mod h1:iKH77koFhYxTK1pcRnkKkqfTogsbg7gZNVY4sRDYZ/4=
github.com/prometheus/client_golang v0.0.0-20160802072246-52437c81da6b h1:FBSxD2pyjKYZonsSBJlP1d4uzYt7ei7s1gY4/lYLljg=
github.com/prometheus/client_golang v0.0.0-20160802072246-52437c81da6b/go.mod h1:7SWBe2y4D6OKWSNQJUaRYU/AaXPKyh/dDVn+NZz0KFw=
github.com/prometheus/client_model v0.0.0-20150212101744-fa8ad6fec335 h1:0E/5GnGmzoDCtmzTycjGDWW33H0UBmAhR0h+FC8hWLs=
github.com/prometheus/client_model v0.0.0-20150212101744-fa8ad6fec335/go.mod h1:MbSGuTsp3dbXC40dX6PRTWyKYBIrTGTE9sqQNg2J8bo=
github.com/prometheus/common v0.0.0-20160801171955-ebdfc6da4652 h1:A/LzG6yfGZUKPD+rhVa5CAqQawH8KHuLlZgukD8dxLs=
github.com/prometheus/common v0.0.0-20160801171955-ebdfc6da4652/go.mod h1:daVV7qP5qjZbuso7PdcryaAu0sAZbrN9i7WWcTMWvro=
github.com/prometheus/procfs v0.0.0-20160411190841-abf152e5f3e9 h1:ex32PG6WhE5zviWS08vcXTwX2IkaH9zpeYZZvrmj3/U=
github.com/prometheus/procfs v0.0.0-20160411190841-abf152e5f3e9/go.mod h1:c3At6R/oaqEKCNdg8wHV1ftS6bRYblBhIjjI8uT2IGk=
github.com/radu-matei/azure-sdk-for-go v0.0.0-20161118192335-3b1282355199 h1:BKuSKE7DtBEZo6gw/dlvRTMaSXUVcNg2t+H+qfsEv94=
github.com/radu-matei/azure-sdk-for-go v0.0.0-20161118192335-3b1282355199/go.mod h1:dK8sDtj2CPkz+pRG4nNF7+WzmyYjtJwfYrZApxB+zFg=
github.com/radu-matei/azure-vhd-utils v0.0.0-20170531165126-e52754d5569d h1:9aQ38JpJEOfipvLKM/NZ2MWxpZIlZgR+6AjotW+a2T8=
github.com/radu-matei/azure-vhd-utils v0.0.0-20170531165126-e52754d5569d/go.mod h1:gdClACBl2wyQrk+AgrDhjviWZiI9oQz7YrHQ9t/hq/Y=
github.com/renstrom/fuzzysearch v0.0.0-20180302113537-7a8f9a1c4bed h1:7FKWr/xBpA4qUMXLoQ4mme7vZNCN7pIRfBA8dQb0d/U=
github.com/renstrom/fuzzysearch v0.0.0-20180302113537-7a8f9a1c4bed/go.mod h1:SAEjPB4voP88qmWJXI7mA5m15uNlEnuHLx4Eu2mPGpQ=
github.com/rn/iso9660wrap v0.0.0-20171120145750-baf8d62ad315 h1:DjbO/+j3556fy07xoEM/MyLYN3WwwYyt4dHRC5U+KN8=
github.com/rn/iso9660wrap v0.0.0-20171120145750-baf8d62ad315/go.mod h1:qrZfINtl+sTGgS3elQWqWsD2Ke4Il5jDzBr2Q+lzuuE=
github.com/scaleway/go-scaleway v0.0.0-20180518120222-f8c3b31c6586 h1:JNTLBdN/ZsgbYQTxriHaruigm/j/koVcAbIb/64db88=
github.com/scaleway/go-scaleway v0.0.0-20180518120222-f8c3b31c6586/go.mod h1:KVuvcaYR7a5KrkgdKNvUdlfcb9jNxTR5Uay4wAbsGB4=
github.com/sirupsen/logrus v1.0.3 h1:B5C/igNWoiULof20pKfY4VntcIPqKuwEmoLZrabbUrc=
github.com/sirupsen/logrus v1.0.3/go.mod h1:pMByvHTf9Beacp5x1UXfOR9xyW/9antXMhjMPG0dEzc=
github.com/spf13/cobra v0.0.3 h1:ZlrZ4XsMRm04Fr5pSFxBgfND2EBVa1nLpiy1stUsX/8=
github.com/spf13/cobra v0.0.3/go.mod h1:1l0Ry5zgKvJasoi3XT1TypsSe7PqH0Sj9dhYf7v3XqQ=
github.com/spf13/pflag v1.0.1 h1:aCvUg6QPl3ibpQUxyLkrEkCHtPqYJL4x9AuhqVqFis4=
github.com/spf13/pflag v1.0.1/go.mod h1:DYY7MBk1bdzusC3SYhjObp+wFpr4gzcvqqNjLnInEg4=
github.com/stretchr/testify v1.1.4/go.mod h1:a8OnRcib4nhh0OaRAV+Yts87kKdq0PP7pXfy6kDkUVs=
github.com/surma/gocpio v0.0.0-20160926205914-fcb68777e7dc h1:dJ9V+jiTrrb4QX0q8oydotHlwXfMIA4ucx1eGSP9QTw=
github.com/surma/gocpio v0.0.0-20160926205914-fcb68777e7dc/go.mod h1:zaLNaN+EDnfSnNdWPJJf9OZxWF817w5dt8JNzF9LCVI=
github.com/theupdateframework/notary v0.6.0 h1:4RkqbHbWUFVfl874gt9l+O+RP5f5Iy8QVhgLkW9IeKk=
github.com/theupdateframework/notary v0.6.0/go.mod h1:MOfgIfmox8s7/7fduvB2xyPPMJCrjRLRizA8OFwpnKY=
github.com/vmware/govmomi v0.0.0-20170522210157-6f8ebd89d521 h1:+GgX7ekLK9syTsQ+bRRI2L6rUJ6FO9KIquU+v867nd0=
github.com/vmware/govmomi v0.0.0-20170522210157-6f8ebd89d521/go.mod h1:URlwyTFZX72RmxtxuaFL2Uj3fD1JTvZdx59bHWk6aFU=
github.com/xeipuuv/gojsonpointer v0.0.0-20170225233418-6fe8760cad35 h1:0TnXeVP6mx+A4CBf8cQVkQfkhyGBQCmJcT4g6zKzm7M=
github.com/xeipuuv/gojsonpointer v0.0.0-20170225233418-6fe8760cad35/go.mod h1:N2zxlSyiKSe5eX1tZViRH5QA0qijqEDrYZiPEAiq3wU=
github.com/xeipuuv/gojsonreference v0.0.0-20150808065054-e02fc20de94c h1:XZWnr3bsDQWAZg4Ne+cPoXRPILrNlPNQfxBuwLl43is=
github.com/xeipuuv/gojsonreference v0.0.0-20150808065054-e02fc20de94c/go.mod h1:GwrjFmJcFw6At/Gs6z4yjiIwzuJ1/+UwLxMQDVQXShQ=
github.com/xeipuuv/gojsonschema v0.0.0-20170324002221-702b404897d4 h1:tGYqDQEhOFTG8lCKaH9G5d18t8D9WIQ7Bpb+1yc9ASY=
github.com/xeipuuv/gojsonschema v0.0.0-20170324002221-702b404897d4/go.mod h1:5yf86TLmAcydyeJq5YvxkGPE2fm/u4myDekKRoLuqhs=
go.opencensus.io v0.21.0 h1:mU6zScU4U1YAFPHEHYk+3JC4SY7JxgkqS10ZOSyksNg=
go.opencensus.io v0.21.0/go.mod h1:mSImk1erAIZhrmZN+AvHh14ztQfjbGwt4TtuofqLduU=
golang.org/x/crypto v0.0.0-20190308221718-c2843e01d9a2 h1:VklqNMn3ovrHsnt90PveolxSbWFaJdECFbxSq0Mqo2M=
golang.org/x/crypto v0.0.0-20190308221718-c2843e01d9a2/go.mod h1:djNgcEr1/C05ACkg1iLfiJU5Ep61QUkGW8qpdssI0+w=
golang.org/x/exp v0.0.0-20190121172915-509febef88a4/go.mod h1:CJ0aWSM057203Lf6IL+f9T1iT9GByDxfZKAQTCR3kQA=
golang.org/x/lint v0.0.0-20181026193005-c67002cb31c3/go.mod h1:UVdnD1Gm6xHRNCYTkRU2/jEulfH38KcIWyp/GAMgvoE=
golang.org/x/lint v0.0.0-20190227174305-5b3e6a55c961/go.mod h1:wehouNa3lNwaWXcvxsM5YxQ5yQlVC4a0KAMCusXpPoU=
golang.org/x/lint v0.0.0-20190301231843-5614ed5bae6f/go.mod h1:UVdnD1Gm6xHRNCYTkRU2/jEulfH38KcIWyp/GAMgvoE=
golang.org/x/net v0.0.0-20180724234803-3673e40ba225/go.mod h1:mL1N/T3taQHkDXs73rZJwtUhF3w3ftmwwsq0BUmARs4=
golang.org/x/net v0.0.0-20180826012351-8a410e7b638d/go.mod h1:mL1N/T3taQHkDXs73rZJwtUhF3w3ftmwwsq0BUmARs4=
golang.org/x/net v0.0.0-20190108225652-1e06a53dbb7e/go.mod h1:mL1N/T3taQHkDXs73rZJwtUhF3w3ftmwwsq0BUmARs4=
golang.org/x/net v0.0.0-20190213061140-3a22650c66bd/go.mod h1:mL1N/T3taQHkDXs73rZJwtUhF3w3ftmwwsq0BUmARs4=
golang.org/x/net v0.0.0-20190311183353-d8887717615a h1:oWX7TPOiFAMXLq8o0ikBYfCJVlRHBcsciT5bXOrH628=
golang.org/x/net v0.0.0-20190311183353-d8887717615a/go.mod h1:t9HGtf8HONx5eT2rtn7q6eTqICYqUVnKs3thJo3Qplg=
golang.org/x/oauth2 v0.0.0-20180821212333-d2e6202438be/go.mod h1:N/0e6XlmueqKjAGxoOufVs8QHGRruUQn6yWY3a++T0U=
golang.org/x/oauth2 v0.0.0-20190226205417-e64efc72b421 h1:Wo7BWFiOk0QRFMLYMqJGFMd9CgUAcGx7V+qEg/h5IBI=
golang.org/x/oauth2 v0.0.0-20190226205417-e64efc72b421/go.mod h1:gOpvHmFTYa4IltrdGE7lF6nIHvwfUNPOp7c8zoXwtLw=
golang.org/x/sync v0.0.0-20180314180146-1d60e4601c6f/go.mod h1:RxMgew5VJxzue5/jJTE5uejpjVlOe/izrB70Jof72aM=
golang.org/x/sync v0.0.0-20181108010431-42b317875d0f/go.mod h1:RxMgew5VJxzue5/jJTE5uejpjVlOe/izrB70Jof72aM=
golang.org/x/sync v0.0.0-20181221193216-37e7f081c4d4/go.mod h1:RxMgew5VJxzue5/jJTE5uejpjVlOe/izrB70Jof72aM=
golang.org/x/sync v0.0.0-20190227155943-e225da77a7e6 h1:bjcUS9ztw9kFmmIxJInhon/0Is3p+EHBKNgquIzo1OI=
golang.org/x/sync v0.0.0-20190227155943-e225da77a7e6/go.mod h1:RxMgew5VJxzue5/jJTE5uejpjVlOe/izrB70Jof72aM=
golang.org/x/sys v0.0.0-20180830151530-49385e6e1522/go.mod h1:STP8DvDyc/dI5b8T5hshtkjS+E42TnysNCUPdjciGhY=
golang.org/x/sys v0.0.0-20190215142949-d0b11bdaac8a h1:1BGLXjeY4akVXGgbC9HugT3Jv3hCI0z56oJR5vAMgBU=
golang.org/x/sys v0.0.0-20190215142949-d0b11bdaac8a/go.mod h1:STP8DvDyc/dI5b8T5hshtkjS+E42TnysNCUPdjciGhY=
golang.org/x/text v0.3.0/go.mod h1:NqM8EUOU14njkJ3fqMW+pc6Ldnwhi/IjpwHt7yyuwOQ=
golang.org/x/text v0.3.1-0.20180807135948-17ff2d5776d2 h1:z99zHgr7hKfrUcX/KsoJk5FJfjTceCKIp96+biqP4To=
golang.org/x/text v0.3.1-0.20180807135948-17ff2d5776d2/go.mod h1:NqM8EUOU14njkJ3fqMW+pc6Ldnwhi/IjpwHt7yyuwOQ=
golang.org/x/time v0.0.0-20181108054448-85acf8d2951c/go.mod h1:tRJNPiyCQ0inRvYxbN9jk5I+vvW/OXSQhTDSoE431IQ=
golang.org/x/tools v0.0.0-20190114222345-bf090417da8b/go.mod h1:n7NCudcB/nEzxVGmLbDWY5pfWTLqBcC2KZ6jyYvM4mQ=
golang.org/x/tools v0.0.0-20190226205152-f727befe758c/go.mod h1:9Yl7xja0Znq3iFh3HoIrodX9oNMXvdceNzlUR8zjMvY=
golang.org/x/tools v0.0.0-20190312170243-e65039ee4138/go.mod h1:LCzVGOaR6xXOjkQ3onu1FJEFr0SW1gC7cKk1uF8kGRs=
google.golang.org/api v0.4.0 h1:KKgc1aqhV8wDPbDzlDtpvyjZFY3vjz85FP7p4wcQUyI=
google.golang.org/api v0.4.0/go.mod h1:8k5glujaEP+g9n7WNsDg8QP6cUVNI86fCNMcbazEtwE=
google.golang.org/appengine v1.1.0/go.mod h1:EbEs0AVv82hx2wNQdGPgUI5lhzA/G0D9YwlJXL52JkM=
google.golang.org/appengine v1.4.0/go.mod h1:xpcJRLb0r/rnEns0DIKYYv+WjYCduHsrkT7/EB5XEv4=
google.golang.org/appengine v1.5.0 h1:KxkO13IPW4Lslp2bz+KHP2E3gtFlrIGNThxkZQ3g+4c=
google.golang.org/appengine v1.5.0/go.mod h1:xpcJRLb0r/rnEns0DIKYYv+WjYCduHsrkT7/EB5XEv4=
google.golang.org/genproto v0.0.0-20180817151627-c66870c02cf8/go.mod h1:JiN7NxoALGmiZfu7CAH4rXhgtRTLTxftemlI0sWmxmc=
google.golang.org/genproto v0.0.0-20190307195333-5fe7a883aa19/go.mod h1:VzzqZJRnGkLBvHegQrXjBqPurQTc5/KpmUdxsrq26oE=
google.golang.org/genproto v0.0.0-20190418145605-e7d98fc518a7 h1:ZUjXAXmrAyrmmCPHgCA/vChHcpsX27MZ3yBonD/z1KE=
google.golang.org/genproto v0.0.0-20190418145605-e7d98fc518a7/go.mod h1:VzzqZJRnGkLBvHegQrXjBqPurQTc5/KpmUdxsrq26oE=
google.golang.org/grpc v1.19.0 h1:cfg4PD8YEdSFnm7qLV4++93WcmhH2nIUhMjhdCvl3j8=
google.golang.org/grpc v1.19.0/go.mod h1:mqu4LbDTu4XGKhr4mRzUsmM4RtVoemTSY81AxZiDr8c=
gopkg.in/yaml.v2 v2.0.0-20170125143719-4c78c975fe7c h1:Enh9ERF41kGycrO8CFIQa7oFmVuZNUXTNYe3bzcUatw=
gopkg.in/yaml.v2 v2.0.0-20170125143719-4c78c975fe7c/go.mod h1:JAlM8MvJe8wmxCU4Bli9HhUf9+ttbYbLASfIpnQbh74=
honnef.co/go/tools v0.0.0-20190102054323-c2f93a96b099/go.mod h1:rf3lG4BRIbNafJWhAfAdb/ePZxsR/4RtNHQocxwk9r4=
honnef.co/go/tools v0.0.0-20190106161140-3f1c8253044a/go.mod h1:rf3lG4BRIbNafJWhAfAdb/ePZxsR/4RtNHQocxwk9r4=
